
Microsoft Visual Studio Solution File, Format Version 12.00
# Visual Studio 15
VisualStudioVersion = 15.0.28010.2016
MinimumVisualStudioVersion = 10.0.40219.1
Project("{FAE04EC0-301F-11D3-BF4B-00C04F79EFBC}") = "PartialView", "PartialView\PartialView.csproj", "{4C12AA21-3D75-4B09-83DF-57C8C88D962F}"
EndProject
Global
	GlobalSection(SolutionConfigurationPlatforms) = preSolution
		Debug|Any CPU = Debug|Any CPU
		Release|Any CPU = Release|Any CPU
	EndGlobalSection
	GlobalSection(ProjectConfigurationPlatforms) = postSolution
		{4C12AA21-3D75-4B09-83DF-57C8C88D962F}.Debug|Any CPU.ActiveCfg = Debug|Any CPU
		{4C12AA21-3D75-4B09-83DF-57C8C88D962F}.Debug|Any CPU.Build.0 = Debug|Any CPU
		{4C12AA21-3D75-4B09-83DF-57C8C88D962F}.Release|Any CPU.ActiveCfg = Release|Any CPU
		{4C12AA21-3D75-4B09-83DF-57C8C88D962F}.Release|Any CPU.Build.0 = Release|Any CPU
	EndGlobalSection
	GlobalSection(SolutionProperties) = preSolution
		HideSolutionNode = FALSE
	EndGlobalSection
	GlobalSection(ExtensibilityGlobals) = postSolution
		SolutionGuid = {EF653AA7-A6BD-4D33-9836-E3049A1D13A8}
	EndGlobalSection
EndGlobal
